
Microsoft Visual Studio Solution File, Format Version 12.00
Project("{FAE04EC0-301F-11D3-BF4B-00C04F79EFBC}") = "Playlist_Tools.API", "Playlist_Tools.API\Playlist_Tools.API.csproj", "{635F4875-EEDA-486A-A048-B2F82406B639}"
EndProject
Project("{FAE04EC0-301F-11D3-BF4B-00C04F79EFBC}") = "Playlist_Tools.Application", "Playlist_Tools.Application\Playlist_Tools.Application.csproj", "{702483DD-A01D-4739-A44E-0051D588F898}"
EndProject
Project("{FAE04EC0-301F-11D3-BF4B-00C04F79EFBC}") = "Playlist_Tools.Domain", "Playlist_Tools.Domain\Playlist_Tools.Domain.csproj", "{3A8629BD-8F1A-4880-8727-31EC76C02285}"
EndProject
Project("{FAE04EC0-301F-11D3-BF4B-00C04F79EFBC}") = "Playlist_Tools.Infrastructure", "Playlist_Tools.Infrastructure\Playlist_Tools.Infrastructure.csproj", "{43E451FE-61A8-41F1-9D72-2E4E5F28E5DF}"
EndProject
Global
	GlobalSection(SolutionConfigurationPlatforms) = preSolution
		Debug|Any CPU = Debug|Any CPU
		Release|Any CPU = Release|Any CPU
	EndGlobalSection
	GlobalSection(ProjectConfigurationPlatforms) = postSolution
		{635F4875-EEDA-486A-A048-B2F82406B639}.Debug|Any CPU.ActiveCfg = Debug|Any CPU
		{635F4875-EEDA-486A-A048-B2F82406B639}.Debug|Any CPU.Build.0 = Debug|Any CPU
		{635F4875-EEDA-486A-A048-B2F82406B639}.Release|Any CPU.ActiveCfg = Release|Any CPU
		{635F4875-EEDA-486A-A048-B2F82406B639}.Release|Any CPU.Build.0 = Release|Any CPU
		{702483DD-A01D-4739-A44E-0051D588F898}.Debug|Any CPU.ActiveCfg = Debug|Any CPU
		{702483DD-A01D-4739-A44E-0051D588F898}.Debug|Any CPU.Build.0 = Debug|Any CPU
		{702483DD-A01D-4739-A44E-0051D588F898}.Release|Any CPU.ActiveCfg = Release|Any CPU
		{702483DD-A01D-4739-A44E-0051D588F898}.Release|Any CPU.Build.0 = Release|Any CPU
		{3A8629BD-8F1A-4880-8727-31EC76C02285}.Debug|Any CPU.ActiveCfg = Debug|Any CPU
		{3A8629BD-8F1A-4880-8727-31EC76C02285}.Debug|Any CPU.Build.0 = Debug|Any CPU
		{3A8629BD-8F1A-4880-8727-31EC76C02285}.Release|Any CPU.ActiveCfg = Release|Any CPU
		{3A8629BD-8F1A-4880-8727-31EC76C02285}.Release|Any CPU.Build.0 = Release|Any CPU
		{43E451FE-61A8-41F1-9D72-2E4E5F28E5DF}.Debug|Any CPU.ActiveCfg = Debug|Any CPU
		{43E451FE-61A8-41F1-9D72-2E4E5F28E5DF}.Debug|Any CPU.Build.0 = Debug|Any CPU
		{43E451FE-61A8-41F1-9D72-2E4E5F28E5DF}.Release|Any CPU.ActiveCfg = Release|Any CPU
		{43E451FE-61A8-41F1-9D72-2E4E5F28E5DF}.Release|Any CPU.Build.0 = Release|Any CPU
	EndGlobalSection
EndGlobal
